
Microsoft Visual Studio Solution File, Format Version 12.00
# Visual Studio Version 16
VisualStudioVersion = 16.0.30804.86
MinimumVisualStudioVersion = 10.0.40219.1
Project("{FAE04EC0-301F-11D3-BF4B-00C04F79EFBC}") = "ProductCatalog", "ProductCatalog\ProductCatalog.csproj", "{A46CA6C7-9C98-4A45-80BB-7B8D42F7211D}"
EndProject
Global
	GlobalSection(SolutionConfigurationPlatforms) = preSolution
		Debug|Any CPU = Debug|Any CPU
		Release|Any CPU = Release|Any CPU
	EndGlobalSection
	GlobalSection(ProjectConfigurationPlatforms) = postSolution
		{A46CA6C7-9C98-4A45-80BB-7B8D42F7211D}.Debug|Any CPU.ActiveCfg = Debug|Any CPU
		{A46CA6C7-9C98-4A45-80BB-7B8D42F7211D}.Debug|Any CPU.Build.0 = Debug|Any CPU
		{A46CA6C7-9C98-4A45-80BB-7B8D42F7211D}.Release|Any CPU.ActiveCfg = Release|Any CPU
		{A46CA6C7-9C98-4A45-80BB-7B8D42F7211D}.Release|Any CPU.Build.0 = Release|Any CPU
	EndGlobalSection
	GlobalSection(SolutionProperties) = preSolution
		HideSolutionNode = FALSE
	EndGlobalSection
	GlobalSection(ExtensibilityGlobals) = postSolution
		SolutionGuid = {1173EA6B-D4D5-4049-92D0-B8CD323AC1B6}
	EndGlobalSection
EndGlobal
